
Microsoft Visual Studio Solution File, Format Version 12.00
# Visual Studio Version 16
VisualStudioVersion = 16.0.30907.101
MinimumVisualStudioVersion = 10.0.40219.1
Project("{FAE04EC0-301F-11D3-BF4B-00C04F79EFBC}") = "VeggieHotel", "VeggieHotel.csproj", "{194F0AF3-7B22-40D8-9D3E-635867BF9EFF}"
EndProject
Project("{54435603-DBB4-11D2-8724-00A0C9A8B90C}") = "VeggieHotelSetup", "VeggieHotelSetup\VeggieHotelSetup.vdproj", "{7D161BF3-E328-4B72-9893-CDA6524F9957}"
EndProject
Global
	GlobalSection(SolutionConfigurationPlatforms) = preSolution
		Debug|Any CPU = Debug|Any CPU
		Release|Any CPU = Release|Any CPU
	EndGlobalSection
	GlobalSection(ProjectConfigurationPlatforms) = postSolution
		{194F0AF3-7B22-40D8-9D3E-635867BF9EFF}.Debug|Any CPU.ActiveCfg = Debug|Any CPU
		{194F0AF3-7B22-40D8-9D3E-635867BF9EFF}.Debug|Any CPU.Build.0 = Debug|Any CPU
		{194F0AF3-7B22-40D8-9D3E-635867BF9EFF}.Release|Any CPU.ActiveCfg = Release|Any CPU
		{194F0AF3-7B22-40D8-9D3E-635867BF9EFF}.Release|Any CPU.Build.0 = Release|Any CPU
		{7D161BF3-E328-4B72-9893-CDA6524F9957}.Debug|Any CPU.ActiveCfg = Debug
		{7D161BF3-E328-4B72-9893-CDA6524F9957}.Debug|Any CPU.Build.0 = Debug
		{7D161BF3-E328-4B72-9893-CDA6524F9957}.Release|Any CPU.ActiveCfg = Release
		{7D161BF3-E328-4B72-9893-CDA6524F9957}.Release|Any CPU.Build.0 = Release
	EndGlobalSection
	GlobalSection(SolutionProperties) = preSolution
		HideSolutionNode = FALSE
	EndGlobalSection
	GlobalSection(ExtensibilityGlobals) = postSolution
		SolutionGuid = {6CA5AEE9-B3F3-4901-A156-AE13DE60FA89}
	EndGlobalSection
EndGlobal
